# This file is automatically @generated by Cargo.
# It is not intended for manual editing.
version = 4

[[package]]
name = "keyboard_driver"
version = "0.1.0"
dependencies = [
 "libhuseyn",
]

[[package]]
name = "libhuseyn"
version = "0.1.0"
source = "git+https://github.com/Huseyn-Verdiyev/libhuseyn.git#ef867c2e6a1917381056aefb00c0d953816f1a46"
